
Microsoft Visual Studio Solution File, Format Version 12.00
# Visual Studio Version 17
VisualStudioVersion = 17.9.34728.123
MinimumVisualStudioVersion = 10.0.40219.1
Project("{9A19103F-16F7-4668-BE54-9A1E7A4F7556}") = "PolicijskaUpravaWebAPI", "PolicijskaUpravaWebAPI\PolicijskaUpravaWebAPI.csproj", "{038A8DA5-988E-4716-B855-CF7DD5A7BE57}"
EndProject
Project("{9A19103F-16F7-4668-BE54-9A1E7A4F7556}") = "PolicijskaUpravaLibrary", "PolicijskaUpravaLibrary\PolicijskaUpravaLibrary.csproj", "{C2D959D7-081F-4C96-B641-27747169C5F7}"
EndProject
Global
	GlobalSection(SolutionConfigurationPlatforms) = preSolution
		Debug|Any CPU = Debug|Any CPU
		Release|Any CPU = Release|Any CPU
	EndGlobalSection
	GlobalSection(ProjectConfigurationPlatforms) = postSolution
		{038A8DA5-988E-4716-B855-CF7DD5A7BE57}.Debug|Any CPU.ActiveCfg = Debug|Any CPU
		{038A8DA5-988E-4716-B855-CF7DD5A7BE57}.Debug|Any CPU.Build.0 = Debug|Any CPU
		{038A8DA5-988E-4716-B855-CF7DD5A7BE57}.Release|Any CPU.ActiveCfg = Release|Any CPU
		{038A8DA5-988E-4716-B855-CF7DD5A7BE57}.Release|Any CPU.Build.0 = Release|Any CPU
		{C2D959D7-081F-4C96-B641-27747169C5F7}.Debug|Any CPU.ActiveCfg = Debug|Any CPU
		{C2D959D7-081F-4C96-B641-27747169C5F7}.Debug|Any CPU.Build.0 = Debug|Any CPU
		{C2D959D7-081F-4C96-B641-27747169C5F7}.Release|Any CPU.ActiveCfg = Release|Any CPU
		{C2D959D7-081F-4C96-B641-27747169C5F7}.Release|Any CPU.Build.0 = Release|Any CPU
	EndGlobalSection
	GlobalSection(SolutionProperties) = preSolution
		HideSolutionNode = FALSE
	EndGlobalSection
	GlobalSection(ExtensibilityGlobals) = postSolution
		SolutionGuid = {49A4A896-9889-4253-937A-A31825C62743}
	EndGlobalSection
EndGlobal
