
Microsoft Visual Studio Solution File, Format Version 12.00
# Visual Studio Version 17
VisualStudioVersion = 17.8.34330.188
MinimumVisualStudioVersion = 10.0.40219.1
Project("{9A19103F-16F7-4668-BE54-9A1E7A4F7556}") = "PolicijskaUpravaCore", "PolicijskaUprava\PolicijskaUpravaCore.csproj", "{E468F4B4-B6BB-44CB-9048-2EF86E4C134D}"
EndProject
Global
	GlobalSection(SolutionConfigurationPlatforms) = preSolution
		Debug|Any CPU = Debug|Any CPU
		Release|Any CPU = Release|Any CPU
	EndGlobalSection
	GlobalSection(ProjectConfigurationPlatforms) = postSolution
		{E468F4B4-B6BB-44CB-9048-2EF86E4C134D}.Debug|Any CPU.ActiveCfg = Debug|Any CPU
		{E468F4B4-B6BB-44CB-9048-2EF86E4C134D}.Debug|Any CPU.Build.0 = Debug|Any CPU
		{E468F4B4-B6BB-44CB-9048-2EF86E4C134D}.Release|Any CPU.ActiveCfg = Release|Any CPU
		{E468F4B4-B6BB-44CB-9048-2EF86E4C134D}.Release|Any CPU.Build.0 = Release|Any CPU
	EndGlobalSection
	GlobalSection(SolutionProperties) = preSolution
		HideSolutionNode = FALSE
	EndGlobalSection
	GlobalSection(ExtensibilityGlobals) = postSolution
		SolutionGuid = {CC6A089E-1FC8-4FC4-80E0-C5A6FD435096}
	EndGlobalSection
EndGlobal
